
Microsoft Visual Studio Solution File, Format Version 12.00
# Visual Studio Version 17
VisualStudioVersion = 17.10.35013.160
MinimumVisualStudioVersion = 10.0.40219.1
Project("{FAE04EC0-301F-11D3-BF4B-00C04F79EFBC}") = "DefaulterClients", "DefaulterClients\DefaulterClients.csproj", "{652811E7-9589-4601-9A94-910ECC179AF1}"
EndProject
Project("{FAE04EC0-301F-11D3-BF4B-00C04F79EFBC}") = "DefaulterClients.Application", "DefaulterClients.Application\DefaulterClients.Application.csproj", "{04362E60-C6FB-41A0-9653-2F21051B2965}"
EndProject
Project("{FAE04EC0-301F-11D3-BF4B-00C04F79EFBC}") = "DefaulterClients.CrossCutting", "DefaulterClients.CrossCutting\DefaulterClients.CrossCutting.csproj", "{E3129943-E93F-4809-A0A4-B3567CD22051}"
EndProject
Project("{FAE04EC0-301F-11D3-BF4B-00C04F79EFBC}") = "DefaulterClients.Domain", "DefaulterClients.Domain\DefaulterClients.Domain.csproj", "{B12B9F3F-CA7D-4E95-8B04-507056E1405D}"
EndProject
Project("{FAE04EC0-301F-11D3-BF4B-00C04F79EFBC}") = "DefaulterClients.Infraestructure", "DefaulterClients.Infraestructure\DefaulterClients.Infraestructure.csproj", "{BAF76CED-37AB-4CF0-9F8D-82BAEB841667}"
EndProject
Global
	GlobalSection(SolutionConfigurationPlatforms) = preSolution
		Debug|Any CPU = Debug|Any CPU
		Release|Any CPU = Release|Any CPU
	EndGlobalSection
	GlobalSection(ProjectConfigurationPlatforms) = postSolution
		{652811E7-9589-4601-9A94-910ECC179AF1}.Debug|Any CPU.ActiveCfg = Debug|Any CPU
		{652811E7-9589-4601-9A94-910ECC179AF1}.Debug|Any CPU.Build.0 = Debug|Any CPU
		{652811E7-9589-4601-9A94-910ECC179AF1}.Release|Any CPU.ActiveCfg = Release|Any CPU
		{652811E7-9589-4601-9A94-910ECC179AF1}.Release|Any CPU.Build.0 = Release|Any CPU
		{04362E60-C6FB-41A0-9653-2F21051B2965}.Debug|Any CPU.ActiveCfg = Debug|Any CPU
		{04362E60-C6FB-41A0-9653-2F21051B2965}.Debug|Any CPU.Build.0 = Debug|Any CPU
		{04362E60-C6FB-41A0-9653-2F21051B2965}.Release|Any CPU.ActiveCfg = Release|Any CPU
		{04362E60-C6FB-41A0-9653-2F21051B2965}.Release|Any CPU.Build.0 = Release|Any CPU
		{E3129943-E93F-4809-A0A4-B3567CD22051}.Debug|Any CPU.ActiveCfg = Debug|Any CPU
		{E3129943-E93F-4809-A0A4-B3567CD22051}.Debug|Any CPU.Build.0 = Debug|Any CPU
		{E3129943-E93F-4809-A0A4-B3567CD22051}.Release|Any CPU.ActiveCfg = Release|Any CPU
		{E3129943-E93F-4809-A0A4-B3567CD22051}.Release|Any CPU.Build.0 = Release|Any CPU
		{B12B9F3F-CA7D-4E95-8B04-507056E1405D}.Debug|Any CPU.ActiveCfg = Debug|Any CPU
		{B12B9F3F-CA7D-4E95-8B04-507056E1405D}.Debug|Any CPU.Build.0 = Debug|Any CPU
		{B12B9F3F-CA7D-4E95-8B04-507056E1405D}.Release|Any CPU.ActiveCfg = Release|Any CPU
		{B12B9F3F-CA7D-4E95-8B04-507056E1405D}.Release|Any CPU.Build.0 = Release|Any CPU
		{BAF76CED-37AB-4CF0-9F8D-82BAEB841667}.Debug|Any CPU.ActiveCfg = Debug|Any CPU
		{BAF76CED-37AB-4CF0-9F8D-82BAEB841667}.Debug|Any CPU.Build.0 = Debug|Any CPU
		{BAF76CED-37AB-4CF0-9F8D-82BAEB841667}.Release|Any CPU.ActiveCfg = Release|Any CPU
		{BAF76CED-37AB-4CF0-9F8D-82BAEB841667}.Release|Any CPU.Build.0 = Release|Any CPU
	EndGlobalSection
	GlobalSection(SolutionProperties) = preSolution
		HideSolutionNode = FALSE
	EndGlobalSection
	GlobalSection(ExtensibilityGlobals) = postSolution
		SolutionGuid = {905DCD3F-5F60-43E7-B6FF-A976D611E03F}
	EndGlobalSection
EndGlobal
